{
    "_readme": [
        "This file locks the dependencies of your project to a known state",
        "Read more about it at https://getcomposer.org/doc/01-basic-usage.md#installing-dependencies",
        "This file is @generated automatically"
    ],
    "content-hash": "91c7b7df20037ae4f18c93c9275b377e",
    "packages": [
        {
            "name": "cmb2/cmb2",
            "version": "v2.7.0",
            "source": {
                "type": "git",
                "url": "https://github.com/CMB2/CMB2.git",
                "reference": "438c26dda7ac110d0741448d65614b3ec6379034"
            },
            "dist": {
                "type": "zip",
                "url": "https://api.github.com/repos/CMB2/CMB2/zipball/438c26dda7ac110d0741448d65614b3ec6379034",
                "reference": "438c26dda7ac110d0741448d65614b3ec6379034",
                "shasum": ""
            },
            "require": {
                "php": ">5.2.4"
            },
            "require-dev": {
                "apigen/apigen": "4.1.2",
                "nette/utils": "2.5.3",
                "phpunit/phpunit": "6.5.13"
            },
            "suggest": {
                "composer/installers": "~1.0"
            },
            "type": "wordpress-plugin",
            "notification-url": "https://packagist.org/downloads/",
            "license": [
                "GPL-2.0-or-later"
            ],
            "authors": [
                {
                    "name": "Justin Sternberg",
                    "email": "justin@dsgnwrks.pro",
                    "homepage": "https://dsgnwrks.pro",
                    "role": "Developer"
                },
                {
                    "name": "WebDevStudios",
                    "email": "contact@webdevstudios.com",
                    "homepage": "https://github.com/WebDevStudios",
                    "role": "Developer"
                }
            ],
            "description": "CMB2 is a metabox, custom fields, and forms library for WordPress that will blow your mind.",
            "homepage": "https://github.com/CMB2/CMB2",
            "keywords": [
                "metabox",
                "plugin",
                "wordpress"
            ],
            "time": "2020-01-21T17:49:50+00:00"
        },
        {
            "name": "doctrine/collections",
            "version": "1.6.7",
            "source": {
                "type": "git",
                "url": "https://github.com/doctrine/collections.git",
                "reference": "55f8b799269a1a472457bd1a41b4f379d4cfba4a"
            },
            "dist": {
                "type": "zip",
                "url": "https://api.github.com/repos/doctrine/collections/zipball/55f8b799269a1a472457bd1a41b4f379d4cfba4a",
                "reference": "55f8b799269a1a472457bd1a41b4f379d4cfba4a",
                "shasum": ""
            },
            "require": {
                "php": "^7.1.3 || ^8.0"
            },
            "require-dev": {
                "doctrine/coding-standard": "^6.0",
                "phpstan/phpstan-shim": "^0.9.2",
                "phpunit/phpunit": "^7.0",
                "vimeo/psalm": "^3.8.1"
            },
            "type": "library",
            "autoload": {
                "psr-4": {
                    "Doctrine\\Common\\Collections\\": "lib/Doctrine/Common/Collections"
                }
            },
            "notification-url": "https://packagist.org/downloads/",
            "license": [
                "MIT"
            ],
            "authors": [
                {
                    "name": "Guilherme Blanco",
                    "email": "guilhermeblanco@gmail.com"
                },
                {
                    "name": "Roman Borschel",
                    "email": "roman@code-factory.org"
                },
                {
                    "name": "Benjamin Eberlei",
                    "email": "kontakt@beberlei.de"
                },
                {
                    "name": "Jonathan Wage",
                    "email": "jonwage@gmail.com"
                },
                {
                    "name": "Johannes Schmitt",
                    "email": "schmittjoh@gmail.com"
                }
            ],
            "description": "PHP Doctrine Collections library that adds additional functionality on top of PHP arrays.",
            "homepage": "https://www.doctrine-project.org/projects/collections.html",
            "keywords": [
                "array",
                "collections",
                "iterators",
                "php"
            ],
            "time": "2020-07-27T17:53:49+00:00"
        },
        {
            "name": "htmlburger/carbon-fields",
            "version": "v3.1.20",
            "source": {
                "type": "git",
                "url": "https://github.com/htmlburger/carbon-fields.git",
                "reference": "0688b493efcf97aab9f540d399813e1392fe30cd"
            },
            "dist": {
                "type": "zip",
                "url": "https://api.github.com/repos/htmlburger/carbon-fields/zipball/0688b493efcf97aab9f540d399813e1392fe30cd",
                "reference": "0688b493efcf97aab9f540d399813e1392fe30cd",
                "shasum": ""
            },
            "require": {
                "php": ">=5.3"
            },
            "require-dev": {
                "mockery/mockery": "^0.9.7",
                "phpunit/phpunit": "~4.8"
            },
            "type": "library",
            "autoload": {
                "psr-4": {
                    "Carbon_Fields\\": "core/"
                }
            },
            "notification-url": "https://packagist.org/downloads/",
            "license": [
                "GPL-2.0-only"
            ],
            "authors": [
                {
                    "name": "htmlBurger",
                    "email": "wordpress@htmlburger.com",
                    "homepage": "https://htmlburger.com/",
                    "role": "Developer"
                },
                {
                    "name": "Miroslav Mitev",
                    "email": "mmitev.2create@gmail.com",
                    "role": "Developer"
                },
                {
                    "name": "Atanas Angelov",
                    "email": "atanas.angelov.dev@gmail.com",
                    "role": "Developer"
                },
                {
                    "name": "Georgi Stoyanov",
                    "email": "stoyanov.gs@gmail.com",
                    "role": "Developer"
                },
                {
                    "name": "Plamen Kostadinov",
                    "email": "pkostadinov.2create@gmail.com",
                    "homepage": "http://plasmen.info/",
                    "role": "Developer"
                },
                {
                    "name": "Stanimir Panchev",
                    "email": "Stan4omir@gmail.com",
                    "role": "Developer"
                },
                {
                    "name": "Marin Atanasov",
                    "email": "contact@marinatanasov.com",
                    "homepage": "http://marinatanasov.com/",
                    "role": "Developer"
                },
                {
                    "name": "Siyan Panayotov",
                    "homepage": "http://siyanpanayotov.com/",
                    "role": "Developer"
                },
                {
                    "name": "Peter Petrov",
                    "email": "peter.petrov89@gmail.com",
                    "role": "Developer"
                },
                {
                    "name": "Stanimir Stoyanov",
                    "email": "stanimir.k.stoyanov@gmail.com",
                    "role": "Developer"
                },
                {
                    "name": "Kaloyan Ivanov",
                    "email": "kaloyanxivanov@gmail.com",
                    "homepage": "http://vilepixels.com/",
                    "role": "Developer"
                },
                {
                    "name": "Georgi Popov",
                    "homepage": "http://magadanski.com/",
                    "role": "Developer"
                },
                {
                    "name": "German Velchev",
                    "email": "germozy@gmail.com",
                    "role": "Developer"
                },
                {
                    "name": "Rashko Petrov",
                    "email": "brutalenemy666@gmail.com",
                    "homepage": "http://errorfactory.com/",
                    "role": "Developer"
                },
                {
                    "name": "Alexander Panayotov",
                    "email": "alexander.panayotov@gmail.com",
                    "homepage": "http://alexanderpanayotov.com/",
                    "role": "Developer"
                },
                {
                    "name": "Viktor Vasilev",
                    "email": "liberalcho@gmail.com",
                    "role": "Developer"
                },
                {
                    "name": "Georgi Georgiev",
                    "email": "george.georgiev96@gmail.com",
                    "role": "Developer"
                },
                {
                    "name": "Atanas Vasilev",
                    "email": "atanasvasilev91@gmail.com",
                    "role": "Developer"
                }
            ],
            "description": "WordPress developer-friendly custom fields for post types, taxonomy terms, users, comments, widgets, options and more.",
            "homepage": "http://carbonfields.net/",
            "time": "2020-05-18T09:54:56+00:00"
        },
        {
            "name": "level-2/dice",
            "version": "4.0.2",
            "source": {
                "type": "git",
                "url": "https://github.com/Level-2/Dice.git",
                "reference": "b9336d9200d0165c31e982374dc5d8d2552807bc"
            },
            "dist": {
                "type": "zip",
                "url": "https://api.github.com/repos/Level-2/Dice/zipball/b9336d9200d0165c31e982374dc5d8d2552807bc",
                "reference": "b9336d9200d0165c31e982374dc5d8d2552807bc",
                "shasum": ""
            },
            "require": {
                "php": ">=7.0.0"
            },
            "require-dev": {
                "phpunit/phpunit": "^6.5"
            },
            "type": "library",
            "autoload": {
                "psr-4": {
                    "Dice\\": "./"
                }
            },
            "notification-url": "https://packagist.org/downloads/",
            "license": [
                "BSD-2-Clause"
            ],
            "authors": [
                {
                    "name": "Tom Butler",
                    "email": "tom@r.je"
                }
            ],
            "description": "A minimalist Dependency injection container (DIC) for PHP. Please note: 3.0+ is only compatible with PHP 7.0. The 2.0 branch is compatbile with PHP 5.6.",
            "homepage": "http://r.je/dice.html",
            "keywords": [
                "dependency injection",
                "dependency injection container",
                "di",
                "ioc"
            ],
            "time": "2020-01-28T13:47:49+00:00"
        },
        {
            "name": "wpify/composepress",
            "version": "0.12.0",
            "source": {
                "type": "git",
                "url": "https://gitlab.com/wpify/composepress.git",
                "reference": "f9a9a84d8dbd8bfc883b3949d622c85d0afa3681"
            },
            "dist": {
                "type": "zip",
                "url": "https://gitlab.com/api/v4/projects/wpify%2Fcomposepress/repository/archive.zip?sha=f9a9a84d8dbd8bfc883b3949d622c85d0afa3681",
                "reference": "f9a9a84d8dbd8bfc883b3949d622c85d0afa3681",
                "shasum": ""
            },
            "require": {
                "level-2/dice": "^4.0"
            },
            "type": "library",
            "autoload": {
                "psr-4": {
                    "ComposePress\\Core\\": "src/",
                    "ComposePress\\Views\\": "views/"
                }
            },
            "notification-url": "https://packagist.org/downloads/",
            "license": [
                "MIT"
            ],
            "authors": [
                {
                    "name": "Derrick Hammer",
                    "email": "derrick@derrickhammer.com"
                },
                {
                    "name": "Václav Greif",
                    "email": "info@vaclavgreif.cz"
                },
                {
                    "name": "Daniel Mejta",
                    "email": "daniel@mejta.net"
                }
            ],
            "description": "A simple PSR-4 and composer ready plugin framework for the modern wordpress age",
            "time": "2020-09-04T12:08:55+00:00"
        },
        {
            "name": "wpify/core",
            "version": "2.0.1",
            "source": {
                "type": "git",
                "url": "https://gitlab.com/wpify/wpify-core.git",
                "reference": "34876e2b7afc9ab99b7c90e63579eabd10c195f1"
            },
            "dist": {
                "type": "zip",
                "url": "https://gitlab.com/api/v4/projects/wpify%2Fwpify-core/repository/archive.zip?sha=34876e2b7afc9ab99b7c90e63579eabd10c195f1",
                "reference": "34876e2b7afc9ab99b7c90e63579eabd10c195f1",
                "shasum": ""
            },
            "require": {
                "doctrine/collections": "^1.6",
                "php": ">=7.4",
                "wpify/composepress": "^0.12.0"
            },
            "type": "library",
            "autoload": {
                "psr-4": {
                    "Wpify\\Core_2_0\\": "src\\"
                }
            },
            "notification-url": "https://packagist.org/downloads/",
            "license": [
                "GPL-3.0-or-later"
            ],
            "time": "2020-10-03T18:25:27+00:00"
        },
        {
            "name": "wpify/tools",
            "version": "2.0.1",
            "source": {
                "type": "git",
                "url": "https://gitlab.com/wpify/wpify-tools.git",
                "reference": "7263049acc3c4b5fb1708495f989f7087df9c0fe"
            },
            "dist": {
                "type": "zip",
                "url": "https://gitlab.com/api/v4/projects/wpify%2Fwpify-tools/repository/archive.zip?sha=7263049acc3c4b5fb1708495f989f7087df9c0fe",
                "reference": "7263049acc3c4b5fb1708495f989f7087df9c0fe",
                "shasum": ""
            },
            "require": {
                "wpify/core": "^2.0.1"
            },
            "type": "library",
            "autoload": {
                "psr-4": {
                    "Wpify\\Tools\\": "src\\"
                }
            },
            "notification-url": "https://packagist.org/downloads/",
            "license": [
                "GPL-3.0-or-later"
            ],
            "authors": [
                {
                    "name": "Daniel Mejta",
                    "email": "daniel@mejta.net"
                },
                {
                    "name": "Václav Greif",
                    "email": "info@vaclavgreif.cz"
                }
            ],
            "time": "2020-10-03T18:28:30+00:00"
        }
    ],
    "packages-dev": [
        {
            "name": "mustache/mustache",
            "version": "v2.13.0",
            "source": {
                "type": "git",
                "url": "https://github.com/bobthecow/mustache.php.git",
                "reference": "e95c5a008c23d3151d59ea72484d4f72049ab7f4"
            },
            "dist": {
                "type": "zip",
                "url": "https://api.github.com/repos/bobthecow/mustache.php/zipball/e95c5a008c23d3151d59ea72484d4f72049ab7f4",
                "reference": "e95c5a008c23d3151d59ea72484d4f72049ab7f4",
                "shasum": ""
            },
            "require": {
                "php": ">=5.2.4"
            },
            "require-dev": {
                "friendsofphp/php-cs-fixer": "~1.11",
                "phpunit/phpunit": "~3.7|~4.0|~5.0"
            },
            "type": "library",
            "autoload": {
                "psr-0": {
                    "Mustache": "src/"
                }
            },
            "notification-url": "https://packagist.org/downloads/",
            "license": [
                "MIT"
            ],
            "authors": [
                {
                    "name": "Justin Hileman",
                    "email": "justin@justinhileman.info",
                    "homepage": "http://justinhileman.com"
                }
            ],
            "description": "A Mustache implementation in PHP.",
            "homepage": "https://github.com/bobthecow/mustache.php",
            "keywords": [
                "mustache",
                "templating"
            ],
            "time": "2019-11-23T21:40:31+00:00"
        },
        {
            "name": "nikic/php-parser",
            "version": "v4.10.2",
            "source": {
                "type": "git",
                "url": "https://github.com/nikic/PHP-Parser.git",
                "reference": "658f1be311a230e0907f5dfe0213742aff0596de"
            },
            "dist": {
                "type": "zip",
                "url": "https://api.github.com/repos/nikic/PHP-Parser/zipball/658f1be311a230e0907f5dfe0213742aff0596de",
                "reference": "658f1be311a230e0907f5dfe0213742aff0596de",
                "shasum": ""
            },
            "require": {
                "ext-tokenizer": "*",
                "php": ">=7.0"
            },
            "require-dev": {
                "ircmaxell/php-yacc": "^0.0.7",
                "phpunit/phpunit": "^6.5 || ^7.0 || ^8.0 || ^9.0"
            },
            "bin": [
                "bin/php-parse"
            ],
            "type": "library",
            "extra": {
                "branch-alias": {
                    "dev-master": "4.9-dev"
                }
            },
            "autoload": {
                "psr-4": {
                    "PhpParser\\": "lib/PhpParser"
                }
            },
            "notification-url": "https://packagist.org/downloads/",
            "license": [
                "BSD-3-Clause"
            ],
            "authors": [
                {
                    "name": "Nikita Popov"
                }
            ],
            "description": "A PHP parser written in PHP",
            "keywords": [
                "parser",
                "php"
            ],
            "time": "2020-09-26T10:30:38+00:00"
        },
        {
            "name": "rmccue/requests",
            "version": "v1.7.0",
            "source": {
                "type": "git",
                "url": "https://github.com/rmccue/Requests.git",
                "reference": "87932f52ffad70504d93f04f15690cf16a089546"
            },
            "dist": {
                "type": "zip",
                "url": "https://api.github.com/repos/rmccue/Requests/zipball/87932f52ffad70504d93f04f15690cf16a089546",
                "reference": "87932f52ffad70504d93f04f15690cf16a089546",
                "shasum": ""
            },
            "require": {
                "php": ">=5.2"
            },
            "require-dev": {
                "requests/test-server": "dev-master"
            },
            "type": "library",
            "autoload": {
                "psr-0": {
                    "Requests": "library/"
                }
            },
            "notification-url": "https://packagist.org/downloads/",
            "license": [
                "ISC"
            ],
            "authors": [
                {
                    "name": "Ryan McCue",
                    "homepage": "http://ryanmccue.info"
                }
            ],
            "description": "A HTTP library written in PHP, for human beings.",
            "homepage": "http://github.com/rmccue/Requests",
            "keywords": [
                "curl",
                "fsockopen",
                "http",
                "idna",
                "ipv6",
                "iri",
                "sockets"
            ],
            "time": "2016-10-13T00:11:37+00:00"
        },
        {
            "name": "squizlabs/php_codesniffer",
            "version": "3.5.6",
            "source": {
                "type": "git",
                "url": "https://github.com/squizlabs/PHP_CodeSniffer.git",
                "reference": "e97627871a7eab2f70e59166072a6b767d5834e0"
            },
            "dist": {
                "type": "zip",
                "url": "https://api.github.com/repos/squizlabs/PHP_CodeSniffer/zipball/e97627871a7eab2f70e59166072a6b767d5834e0",
                "reference": "e97627871a7eab2f70e59166072a6b767d5834e0",
                "shasum": ""
            },
            "require": {
                "ext-simplexml": "*",
                "ext-tokenizer": "*",
                "ext-xmlwriter": "*",
                "php": ">=5.4.0"
            },
            "require-dev": {
                "phpunit/phpunit": "^4.0 || ^5.0 || ^6.0 || ^7.0"
            },
            "bin": [
                "bin/phpcs",
                "bin/phpcbf"
            ],
            "type": "library",
            "extra": {
                "branch-alias": {
                    "dev-master": "3.x-dev"
                }
            },
            "notification-url": "https://packagist.org/downloads/",
            "license": [
                "BSD-3-Clause"
            ],
            "authors": [
                {
                    "name": "Greg Sherwood",
                    "role": "lead"
                }
            ],
            "description": "PHP_CodeSniffer tokenizes PHP, JavaScript and CSS files and detects violations of a defined set of coding standards.",
            "homepage": "https://github.com/squizlabs/PHP_CodeSniffer",
            "keywords": [
                "phpcs",
                "standards"
            ],
            "time": "2020-08-10T04:50:15+00:00"
        },
        {
            "name": "symfony/finder",
            "version": "v5.1.6",
            "source": {
                "type": "git",
                "url": "https://github.com/symfony/finder.git",
                "reference": "2c3ba7ad6884e6c4451ce2340e2dc23f6fa3e0d8"
            },
            "dist": {
                "type": "zip",
                "url": "https://api.github.com/repos/symfony/finder/zipball/2c3ba7ad6884e6c4451ce2340e2dc23f6fa3e0d8",
                "reference": "2c3ba7ad6884e6c4451ce2340e2dc23f6fa3e0d8",
                "shasum": ""
            },
            "require": {
                "php": ">=7.2.5"
            },
            "type": "library",
            "extra": {
                "branch-alias": {
                    "dev-master": "5.1-dev"
                }
            },
            "autoload": {
                "psr-4": {
                    "Symfony\\Component\\Finder\\": ""
                },
                "exclude-from-classmap": [
                    "/Tests/"
                ]
            },
            "notification-url": "https://packagist.org/downloads/",
            "license": [
                "MIT"
            ],
            "authors": [
                {
                    "name": "Fabien Potencier",
                    "email": "fabien@symfony.com"
                },
                {
                    "name": "Symfony Community",
                    "homepage": "https://symfony.com/contributors"
                }
            ],
            "description": "Symfony Finder Component",
            "homepage": "https://symfony.com",
            "funding": [
                {
                    "url": "https://symfony.com/sponsor",
                    "type": "custom"
                },
                {
                    "url": "https://github.com/fabpot",
                    "type": "github"
                },
                {
                    "url": "https://tidelift.com/funding/github/packagist/symfony/symfony",
                    "type": "tidelift"
                }
            ],
            "time": "2020-09-02T16:23:27+00:00"
        },
        {
            "name": "wp-cli/mustangostang-spyc",
            "version": "0.6.3",
            "source": {
                "type": "git",
                "url": "https://github.com/wp-cli/spyc.git",
                "reference": "6aa0b4da69ce9e9a2c8402dab8d43cf32c581cc7"
            },
            "dist": {
                "type": "zip",
                "url": "https://api.github.com/repos/wp-cli/spyc/zipball/6aa0b4da69ce9e9a2c8402dab8d43cf32c581cc7",
                "reference": "6aa0b4da69ce9e9a2c8402dab8d43cf32c581cc7",
                "shasum": ""
            },
            "require": {
                "php": ">=5.3.1"
            },
            "require-dev": {
                "phpunit/phpunit": "4.3.*@dev"
            },
            "type": "library",
            "extra": {
                "branch-alias": {
                    "dev-master": "0.5.x-dev"
                }
            },
            "autoload": {
                "psr-4": {
                    "Mustangostang\\": "src/"
                },
                "files": [
                    "includes/functions.php"
                ]
            },
            "notification-url": "https://packagist.org/downloads/",
            "license": [
                "MIT"
            ],
            "authors": [
                {
                    "name": "mustangostang",
                    "email": "vlad.andersen@gmail.com"
                }
            ],
            "description": "A simple YAML loader/dumper class for PHP (WP-CLI fork)",
            "homepage": "https://github.com/mustangostang/spyc/",
            "time": "2017-04-25T11:26:20+00:00"
        },
        {
            "name": "wp-cli/php-cli-tools",
            "version": "v0.11.11",
            "source": {
                "type": "git",
                "url": "https://github.com/wp-cli/php-cli-tools.git",
                "reference": "fe9c7c44a9e1bf2196ec51dc38da0593dbf2993f"
            },
            "dist": {
                "type": "zip",
                "url": "https://api.github.com/repos/wp-cli/php-cli-tools/zipball/fe9c7c44a9e1bf2196ec51dc38da0593dbf2993f",
                "reference": "fe9c7c44a9e1bf2196ec51dc38da0593dbf2993f",
                "shasum": ""
            },
            "require": {
                "php": ">= 5.3.0"
            },
            "type": "library",
            "autoload": {
                "psr-0": {
                    "cli": "lib/"
                },
                "files": [
                    "lib/cli/cli.php"
                ]
            },
            "notification-url": "https://packagist.org/downloads/",
            "license": [
                "MIT"
            ],
            "authors": [
                {
                    "name": "James Logsdon",
                    "email": "jlogsdon@php.net",
                    "role": "Developer"
                },
                {
                    "name": "Daniel Bachhuber",
                    "email": "daniel@handbuilt.co",
                    "role": "Maintainer"
                }
            ],
            "description": "Console utilities for PHP",
            "homepage": "http://github.com/wp-cli/php-cli-tools",
            "keywords": [
                "cli",
                "console"
            ],
            "time": "2018-09-04T13:28:00+00:00"
        },
        {
            "name": "wp-cli/wp-cli",
            "version": "v2.4.1",
            "source": {
                "type": "git",
                "url": "https://github.com/wp-cli/wp-cli.git",
                "reference": "ceb18598e79befa9b2a37a51efbb34910628988b"
            },
            "dist": {
                "type": "zip",
                "url": "https://api.github.com/repos/wp-cli/wp-cli/zipball/ceb18598e79befa9b2a37a51efbb34910628988b",
                "reference": "ceb18598e79befa9b2a37a51efbb34910628988b",
                "shasum": ""
            },
            "require": {
                "ext-curl": "*",
                "mustache/mustache": "~2.13",
                "php": "^5.4 || ^7.0",
                "rmccue/requests": "~1.6",
                "symfony/finder": ">2.7",
                "wp-cli/mustangostang-spyc": "^0.6.3",
                "wp-cli/php-cli-tools": "~0.11.2"
            },
            "require-dev": {
                "roave/security-advisories": "dev-master",
                "wp-cli/db-command": "^1.3 || ^2",
                "wp-cli/entity-command": "^1.2 || ^2",
                "wp-cli/extension-command": "^1.1 || ^2",
                "wp-cli/package-command": "^1 || ^2",
                "wp-cli/wp-cli-tests": "^2.1"
            },
            "suggest": {
                "ext-readline": "Include for a better --prompt implementation",
                "ext-zip": "Needed to support extraction of ZIP archives when doing downloads or updates"
            },
            "bin": [
                "bin/wp",
                "bin/wp.bat"
            ],
            "type": "library",
            "extra": {
                "branch-alias": {
                    "dev-master": "2.4.x-dev"
                }
            },
            "autoload": {
                "psr-0": {
                    "WP_CLI": "php"
                }
            },
            "notification-url": "https://packagist.org/downloads/",
            "license": [
                "MIT"
            ],
            "description": "WP-CLI framework",
            "homepage": "https://wp-cli.org",
            "keywords": [
                "cli",
                "wordpress"
            ],
            "time": "2020-02-18T08:15:37+00:00"
        },
        {
            "name": "wpify/cli",
            "version": "0.3.1",
            "source": {
                "type": "git",
                "url": "https://gitlab.com/wpify/wpify-cli.git",
                "reference": "ea821737fea6922468b6cfaf92fbe88bc99db346"
            },
            "dist": {
                "type": "zip",
                "url": "https://gitlab.com/api/v4/projects/wpify%2Fwpify-cli/repository/archive.zip?sha=ea821737fea6922468b6cfaf92fbe88bc99db346",
                "reference": "ea821737fea6922468b6cfaf92fbe88bc99db346",
                "shasum": ""
            },
            "require": {
                "mustache/mustache": "^2.13",
                "nikic/php-parser": "^4.8",
                "wp-cli/wp-cli": "^2.4.1"
            },
            "require-dev": {
                "behat/behat": "~2.5"
            },
            "type": "wp-cli-package",
            "autoload": {
                "files": [
                    "command.php"
                ]
            },
            "notification-url": "https://packagist.org/downloads/",
            "license": [
                "MIT"
            ],
            "homepage": "https://gitlab.com/wpify/wpify-cli",
            "time": "2020-08-20T19:54:42+00:00"
        }
    ],
    "aliases": [],
    "minimum-stability": "stable",
    "stability-flags": [],
    "prefer-stable": false,
    "prefer-lowest": false,
    "platform": {
        "php": "^7.3.0"
    },
    "platform-dev": [],
    "plugin-api-version": "1.1.0"
}
