{
    "_readme": [
        "This file locks the dependencies of your project to a known state",
        "Read more about it at https://getcomposer.org/doc/01-basic-usage.md#installing-dependencies",
        "This file is @generated automatically"
    ],
    "content-hash": "7dcb6157da8903d1e105e7565bea52cc",
    "packages": [
        {
            "name": "monolog/monolog",
            "version": "2.3.4",
            "source": {
                "type": "git",
                "url": "https://github.com/Seldaek/monolog.git",
                "reference": "437e7a1c50044b92773b361af77620efb76fff59"
            },
            "dist": {
                "type": "zip",
                "url": "https://api.github.com/repos/Seldaek/monolog/zipball/437e7a1c50044b92773b361af77620efb76fff59",
                "reference": "437e7a1c50044b92773b361af77620efb76fff59",
                "shasum": ""
            },
            "require": {
                "php": ">=7.2",
                "psr/log": "^1.0.1 || ^2.0 || ^3.0"
            },
            "provide": {
                "psr/log-implementation": "1.0.0 || 2.0.0 || 3.0.0"
            },
            "require-dev": {
                "aws/aws-sdk-php": "^2.4.9 || ^3.0",
                "doctrine/couchdb": "~1.0@dev",
                "elasticsearch/elasticsearch": "^7",
                "graylog2/gelf-php": "^1.4.2",
                "mongodb/mongodb": "^1.8",
                "php-amqplib/php-amqplib": "~2.4",
                "php-console/php-console": "^3.1.3",
                "phpspec/prophecy": "^1.6.1",
                "phpstan/phpstan": "^0.12.91",
                "phpunit/phpunit": "^8.5",
                "predis/predis": "^1.1",
                "rollbar/rollbar": "^1.3",
                "ruflin/elastica": ">=0.90@dev",
                "swiftmailer/swiftmailer": "^5.3|^6.0"
            },
            "suggest": {
                "aws/aws-sdk-php": "Allow sending log messages to AWS services like DynamoDB",
                "doctrine/couchdb": "Allow sending log messages to a CouchDB server",
                "elasticsearch/elasticsearch": "Allow sending log messages to an Elasticsearch server via official client",
                "ext-amqp": "Allow sending log messages to an AMQP server (1.0+ required)",
                "ext-curl": "Required to send log messages using the IFTTTHandler, the LogglyHandler, the SendGridHandler, the SlackWebhookHandler or the TelegramBotHandler",
                "ext-mbstring": "Allow to work properly with unicode symbols",
                "ext-mongodb": "Allow sending log messages to a MongoDB server (via driver)",
                "ext-openssl": "Required to send log messages using SSL",
                "ext-sockets": "Allow sending log messages to a Syslog server (via UDP driver)",
                "graylog2/gelf-php": "Allow sending log messages to a GrayLog2 server",
                "mongodb/mongodb": "Allow sending log messages to a MongoDB server (via library)",
                "php-amqplib/php-amqplib": "Allow sending log messages to an AMQP server using php-amqplib",
                "php-console/php-console": "Allow sending log messages to Google Chrome",
                "rollbar/rollbar": "Allow sending log messages to Rollbar",
                "ruflin/elastica": "Allow sending log messages to an Elastic Search server"
            },
            "type": "library",
            "extra": {
                "branch-alias": {
                    "dev-main": "2.x-dev"
                }
            },
            "autoload": {
                "psr-4": {
                    "Monolog\\": "src/Monolog"
                }
            },
            "notification-url": "https://packagist.org/downloads/",
            "license": [
                "MIT"
            ],
            "authors": [
                {
                    "name": "Jordi Boggiano",
                    "email": "j.boggiano@seld.be",
                    "homepage": "https://seld.be"
                }
            ],
            "description": "Sends your logs to files, sockets, inboxes, databases and various web services",
            "homepage": "https://github.com/Seldaek/monolog",
            "keywords": [
                "log",
                "logging",
                "psr-3"
            ],
            "support": {
                "issues": "https://github.com/Seldaek/monolog/issues",
                "source": "https://github.com/Seldaek/monolog/tree/2.3.4"
            },
            "funding": [
                {
                    "url": "https://github.com/Seldaek",
                    "type": "github"
                },
                {
                    "url": "https://tidelift.com/funding/github/packagist/monolog/monolog",
                    "type": "tidelift"
                }
            ],
            "time": "2021-09-15T11:27:21+00:00"
        },
        {
            "name": "opis/closure",
            "version": "3.6.2",
            "source": {
                "type": "git",
                "url": "https://github.com/opis/closure.git",
                "reference": "06e2ebd25f2869e54a306dda991f7db58066f7f6"
            },
            "dist": {
                "type": "zip",
                "url": "https://api.github.com/repos/opis/closure/zipball/06e2ebd25f2869e54a306dda991f7db58066f7f6",
                "reference": "06e2ebd25f2869e54a306dda991f7db58066f7f6",
                "shasum": ""
            },
            "require": {
                "php": "^5.4 || ^7.0 || ^8.0"
            },
            "require-dev": {
                "jeremeamia/superclosure": "^2.0",
                "phpunit/phpunit": "^4.0 || ^5.0 || ^6.0 || ^7.0 || ^8.0 || ^9.0"
            },
            "type": "library",
            "extra": {
                "branch-alias": {
                    "dev-master": "3.6.x-dev"
                }
            },
            "autoload": {
                "psr-4": {
                    "Opis\\Closure\\": "src/"
                },
                "files": [
                    "functions.php"
                ]
            },
            "notification-url": "https://packagist.org/downloads/",
            "license": [
                "MIT"
            ],
            "authors": [
                {
                    "name": "Marius Sarca",
                    "email": "marius.sarca@gmail.com"
                },
                {
                    "name": "Sorin Sarca",
                    "email": "sarca_sorin@hotmail.com"
                }
            ],
            "description": "A library that can be used to serialize closures (anonymous functions) and arbitrary objects.",
            "homepage": "https://opis.io/closure",
            "keywords": [
                "anonymous functions",
                "closure",
                "function",
                "serializable",
                "serialization",
                "serialize"
            ],
            "support": {
                "issues": "https://github.com/opis/closure/issues",
                "source": "https://github.com/opis/closure/tree/3.6.2"
            },
            "time": "2021-04-09T13:42:10+00:00"
        },
        {
            "name": "php-di/invoker",
            "version": "2.3.2",
            "source": {
                "type": "git",
                "url": "https://github.com/PHP-DI/Invoker.git",
                "reference": "5214cbe5aad066022cd845dbf313f0e47aed928f"
            },
            "dist": {
                "type": "zip",
                "url": "https://api.github.com/repos/PHP-DI/Invoker/zipball/5214cbe5aad066022cd845dbf313f0e47aed928f",
                "reference": "5214cbe5aad066022cd845dbf313f0e47aed928f",
                "shasum": ""
            },
            "require": {
                "php": ">=7.3",
                "psr/container": "^1.0|^2.0"
            },
            "require-dev": {
                "athletic/athletic": "~0.1.8",
                "mnapoli/hard-mode": "~0.3.0",
                "phpunit/phpunit": "^9.0"
            },
            "type": "library",
            "autoload": {
                "psr-4": {
                    "Invoker\\": "src/"
                }
            },
            "notification-url": "https://packagist.org/downloads/",
            "license": [
                "MIT"
            ],
            "description": "Generic and extensible callable invoker",
            "homepage": "https://github.com/PHP-DI/Invoker",
            "keywords": [
                "callable",
                "dependency",
                "dependency-injection",
                "injection",
                "invoke",
                "invoker"
            ],
            "support": {
                "issues": "https://github.com/PHP-DI/Invoker/issues",
                "source": "https://github.com/PHP-DI/Invoker/tree/2.3.2"
            },
            "funding": [
                {
                    "url": "https://github.com/mnapoli",
                    "type": "github"
                }
            ],
            "time": "2021-07-30T15:05:32+00:00"
        },
        {
            "name": "php-di/php-di",
            "version": "6.3.5",
            "source": {
                "type": "git",
                "url": "https://github.com/PHP-DI/PHP-DI.git",
                "reference": "b8126d066ce144765300ee0ab040c1ed6c9ef588"
            },
            "dist": {
                "type": "zip",
                "url": "https://api.github.com/repos/PHP-DI/PHP-DI/zipball/b8126d066ce144765300ee0ab040c1ed6c9ef588",
                "reference": "b8126d066ce144765300ee0ab040c1ed6c9ef588",
                "shasum": ""
            },
            "require": {
                "opis/closure": "^3.5.5",
                "php": ">=7.2.0",
                "php-di/invoker": "^2.0",
                "php-di/phpdoc-reader": "^2.0.1",
                "psr/container": "^1.0"
            },
            "provide": {
                "psr/container-implementation": "^1.0"
            },
            "require-dev": {
                "doctrine/annotations": "~1.2",
                "friendsofphp/php-cs-fixer": "^2.4",
                "mnapoli/phpunit-easymock": "^1.2",
                "ocramius/proxy-manager": "^2.0.2",
                "phpstan/phpstan": "^0.12",
                "phpunit/phpunit": "^8.5|^9.0"
            },
            "suggest": {
                "doctrine/annotations": "Install it if you want to use annotations (version ~1.2)",
                "ocramius/proxy-manager": "Install it if you want to use lazy injection (version ~2.0)"
            },
            "type": "library",
            "autoload": {
                "psr-4": {
                    "DI\\": "src/"
                },
                "files": [
                    "src/functions.php"
                ]
            },
            "notification-url": "https://packagist.org/downloads/",
            "license": [
                "MIT"
            ],
            "description": "The dependency injection container for humans",
            "homepage": "https://php-di.org/",
            "keywords": [
                "PSR-11",
                "container",
                "container-interop",
                "dependency injection",
                "di",
                "ioc",
                "psr11"
            ],
            "support": {
                "issues": "https://github.com/PHP-DI/PHP-DI/issues",
                "source": "https://github.com/PHP-DI/PHP-DI/tree/6.3.5"
            },
            "funding": [
                {
                    "url": "https://github.com/mnapoli",
                    "type": "github"
                },
                {
                    "url": "https://tidelift.com/funding/github/packagist/php-di/php-di",
                    "type": "tidelift"
                }
            ],
            "time": "2021-09-02T09:49:58+00:00"
        },
        {
            "name": "php-di/phpdoc-reader",
            "version": "2.2.1",
            "source": {
                "type": "git",
                "url": "https://github.com/PHP-DI/PhpDocReader.git",
                "reference": "66daff34cbd2627740ffec9469ffbac9f8c8185c"
            },
            "dist": {
                "type": "zip",
                "url": "https://api.github.com/repos/PHP-DI/PhpDocReader/zipball/66daff34cbd2627740ffec9469ffbac9f8c8185c",
                "reference": "66daff34cbd2627740ffec9469ffbac9f8c8185c",
                "shasum": ""
            },
            "require": {
                "php": ">=7.2.0"
            },
            "require-dev": {
                "mnapoli/hard-mode": "~0.3.0",
                "phpunit/phpunit": "^8.5|^9.0"
            },
            "type": "library",
            "autoload": {
                "psr-4": {
                    "PhpDocReader\\": "src/PhpDocReader"
                }
            },
            "notification-url": "https://packagist.org/downloads/",
            "license": [
                "MIT"
            ],
            "description": "PhpDocReader parses @var and @param values in PHP docblocks (supports namespaced class names with the same resolution rules as PHP)",
            "keywords": [
                "phpdoc",
                "reflection"
            ],
            "support": {
                "issues": "https://github.com/PHP-DI/PhpDocReader/issues",
                "source": "https://github.com/PHP-DI/PhpDocReader/tree/2.2.1"
            },
            "time": "2020-10-12T12:39:22+00:00"
        },
        {
            "name": "phpstan/phpdoc-parser",
            "version": "0.5.7",
            "source": {
                "type": "git",
                "url": "https://github.com/phpstan/phpdoc-parser.git",
                "reference": "816e826ce0b7fb32098d8cb6de62511ce6021cea"
            },
            "dist": {
                "type": "zip",
                "url": "https://api.github.com/repos/phpstan/phpdoc-parser/zipball/816e826ce0b7fb32098d8cb6de62511ce6021cea",
                "reference": "816e826ce0b7fb32098d8cb6de62511ce6021cea",
                "shasum": ""
            },
            "require": {
                "php": "^7.1 || ^8.0"
            },
            "require-dev": {
                "php-parallel-lint/php-parallel-lint": "^1.2",
                "phpstan/extension-installer": "^1.0",
                "phpstan/phpstan": "^0.12.87",
                "phpstan/phpstan-strict-rules": "^0.12.5",
                "phpunit/phpunit": "^9.5",
                "symfony/process": "^5.2"
            },
            "type": "library",
            "extra": {
                "branch-alias": {
                    "dev-master": "0.5-dev"
                }
            },
            "autoload": {
                "psr-4": {
                    "PHPStan\\PhpDocParser\\": [
                        "src/"
                    ]
                }
            },
            "notification-url": "https://packagist.org/downloads/",
            "license": [
                "MIT"
            ],
            "description": "PHPDoc parser with support for nullable, intersection and generic types",
            "support": {
                "issues": "https://github.com/phpstan/phpdoc-parser/issues",
                "source": "https://github.com/phpstan/phpdoc-parser/tree/0.5.7"
            },
            "time": "2021-09-12T11:52:00+00:00"
        },
        {
            "name": "psr/container",
            "version": "1.1.1",
            "source": {
                "type": "git",
                "url": "https://github.com/php-fig/container.git",
                "reference": "8622567409010282b7aeebe4bb841fe98b58dcaf"
            },
            "dist": {
                "type": "zip",
                "url": "https://api.github.com/repos/php-fig/container/zipball/8622567409010282b7aeebe4bb841fe98b58dcaf",
                "reference": "8622567409010282b7aeebe4bb841fe98b58dcaf",
                "shasum": ""
            },
            "require": {
                "php": ">=7.2.0"
            },
            "type": "library",
            "autoload": {
                "psr-4": {
                    "Psr\\Container\\": "src/"
                }
            },
            "notification-url": "https://packagist.org/downloads/",
            "license": [
                "MIT"
            ],
            "authors": [
                {
                    "name": "PHP-FIG",
                    "homepage": "https://www.php-fig.org/"
                }
            ],
            "description": "Common Container Interface (PHP FIG PSR-11)",
            "homepage": "https://github.com/php-fig/container",
            "keywords": [
                "PSR-11",
                "container",
                "container-interface",
                "container-interop",
                "psr"
            ],
            "support": {
                "issues": "https://github.com/php-fig/container/issues",
                "source": "https://github.com/php-fig/container/tree/1.1.1"
            },
            "time": "2021-03-05T17:36:06+00:00"
        },
        {
            "name": "psr/log",
            "version": "3.0.0",
            "source": {
                "type": "git",
                "url": "https://github.com/php-fig/log.git",
                "reference": "fe5ea303b0887d5caefd3d431c3e61ad47037001"
            },
            "dist": {
                "type": "zip",
                "url": "https://api.github.com/repos/php-fig/log/zipball/fe5ea303b0887d5caefd3d431c3e61ad47037001",
                "reference": "fe5ea303b0887d5caefd3d431c3e61ad47037001",
                "shasum": ""
            },
            "require": {
                "php": ">=8.0.0"
            },
            "type": "library",
            "extra": {
                "branch-alias": {
                    "dev-master": "3.x-dev"
                }
            },
            "autoload": {
                "psr-4": {
                    "Psr\\Log\\": "src"
                }
            },
            "notification-url": "https://packagist.org/downloads/",
            "license": [
                "MIT"
            ],
            "authors": [
                {
                    "name": "PHP-FIG",
                    "homepage": "https://www.php-fig.org/"
                }
            ],
            "description": "Common interface for logging libraries",
            "homepage": "https://github.com/php-fig/log",
            "keywords": [
                "log",
                "psr",
                "psr-3"
            ],
            "support": {
                "source": "https://github.com/php-fig/log/tree/3.0.0"
            },
            "time": "2021-07-14T16:46:02+00:00"
        },
        {
            "name": "wpify/asset",
            "version": "1.2.0",
            "source": {
                "type": "git",
                "url": "https://gitlab.com/wpify/asset.git",
                "reference": "acbab41adc24f5443858b0a1e227cd9ed8332da9"
            },
            "dist": {
                "type": "zip",
                "url": "https://gitlab.com/api/v4/projects/wpify%2Fasset/repository/archive.zip?sha=acbab41adc24f5443858b0a1e227cd9ed8332da9",
                "reference": "acbab41adc24f5443858b0a1e227cd9ed8332da9",
                "shasum": ""
            },
            "type": "library",
            "autoload": {
                "psr-4": {
                    "Wpify\\Asset\\": "src/"
                }
            },
            "notification-url": "https://packagist.org/downloads/",
            "license": [
                "GPL-2.0-or-later"
            ],
            "authors": [
                {
                    "name": "WPify",
                    "email": "info@wpify.io"
                }
            ],
            "support": {
                "issues": "https://gitlab.com/api/v4/projects/29458530/issues"
            },
            "time": "2021-09-30T10:57:16+00:00"
        },
        {
            "name": "wpify/custom-fields",
            "version": "2.0.3",
            "source": {
                "type": "git",
                "url": "https://gitlab.com/wpify/custom-fields.git",
                "reference": "8629046c929669921bd984c63a011b6717f1afc2"
            },
            "dist": {
                "type": "zip",
                "url": "https://gitlab.com/api/v4/projects/wpify%2Fcustom-fields/repository/archive.zip?sha=8629046c929669921bd984c63a011b6717f1afc2",
                "reference": "8629046c929669921bd984c63a011b6717f1afc2",
                "shasum": ""
            },
            "require": {
                "ext-json": "*",
                "php": ">=7.3.0||^8.0.0"
            },
            "require-dev": {
                "symfony/var-dumper": "v5.3.0-BETA1"
            },
            "type": "library",
            "autoload": {
                "psr-4": {
                    "Wpify\\CustomFields\\": "src/"
                },
                "files": [
                    "functions.php"
                ]
            },
            "notification-url": "https://packagist.org/downloads/",
            "license": [
                "GPL-2.0-or-later"
            ],
            "description": "WPify Custom Fields",
            "support": {
                "issues": "https://gitlab.com/api/v4/projects/25066786/issues"
            },
            "time": "2021-09-16T18:36:00+00:00"
        },
        {
            "name": "wpify/log",
            "version": "1.0.3",
            "source": {
                "type": "git",
                "url": "https://gitlab.com/wpify/log.git",
                "reference": "53df73f816ec096630e6d629af0de0dbd5f4300b"
            },
            "dist": {
                "type": "zip",
                "url": "https://gitlab.com/api/v4/projects/wpify%2Flog/repository/archive.zip?sha=53df73f816ec096630e6d629af0de0dbd5f4300b",
                "reference": "53df73f816ec096630e6d629af0de0dbd5f4300b",
                "shasum": ""
            },
            "require": {
                "monolog/monolog": "^2.3"
            },
            "type": "library",
            "autoload": {
                "psr-4": {
                    "Wpify\\Log\\": "src/"
                }
            },
            "notification-url": "https://packagist.org/downloads/",
            "license": [
                "GPL-2.0-or-later"
            ],
            "authors": [
                {
                    "name": "WPify",
                    "email": "info@wpify.io"
                }
            ],
            "description": "WPify Log",
            "support": {
                "issues": "https://gitlab.com/api/v4/projects/29491183/issues"
            },
            "time": "2021-09-14T09:34:22+00:00"
        },
        {
            "name": "wpify/model",
            "version": "2.1.0",
            "source": {
                "type": "git",
                "url": "https://gitlab.com/wpify/model.git",
                "reference": "77afc6d940d26af981290df7182f1baed8bf3453"
            },
            "dist": {
                "type": "zip",
                "url": "https://gitlab.com/api/v4/projects/wpify%2Fmodel/repository/archive.zip?sha=77afc6d940d26af981290df7182f1baed8bf3453",
                "reference": "77afc6d940d26af981290df7182f1baed8bf3453",
                "shasum": ""
            },
            "require": {
                "php": ">=7.3.0||^8.0.0",
                "phpstan/phpdoc-parser": "^0.5.6"
            },
            "require-dev": {
                "brain/monkey": "^2.6",
                "codeception/codeception": "^4.1",
                "codeception/module-asserts": "^1.0.0",
                "codeception/module-phpbrowser": "^1.0.0"
            },
            "type": "library",
            "autoload": {
                "psr-4": {
                    "Wpify\\Model\\": "src/"
                }
            },
            "notification-url": "https://packagist.org/downloads/",
            "license": [
                "GPL-2.0-or-later"
            ],
            "authors": [
                {
                    "name": "Daniel Mejta",
                    "email": "daniel@mejta.net"
                }
            ],
            "description": "WPify Model",
            "support": {
                "issues": "https://gitlab.com/api/v4/projects/26642003/issues"
            },
            "time": "2021-09-16T19:06:32+00:00"
        },
        {
            "name": "wpify/plugin-utils",
            "version": "1.0.1",
            "source": {
                "type": "git",
                "url": "https://gitlab.com/wpify/plugin-utils.git",
                "reference": "0ace7f3a23bdfe3e2b2b05c72af79fa034c7e77a"
            },
            "dist": {
                "type": "zip",
                "url": "https://gitlab.com/api/v4/projects/wpify%2Fplugin-utils/repository/archive.zip?sha=0ace7f3a23bdfe3e2b2b05c72af79fa034c7e77a",
                "reference": "0ace7f3a23bdfe3e2b2b05c72af79fa034c7e77a",
                "shasum": ""
            },
            "type": "library",
            "autoload": {
                "psr-4": {
                    "Wpify\\PluginUtils\\": "src/"
                }
            },
            "notification-url": "https://packagist.org/downloads/",
            "license": [
                "GPL-2.0-or-later"
            ],
            "authors": [
                {
                    "name": "WPify",
                    "email": "info@wpify.io"
                }
            ],
            "description": "WPify Plugin Utilities",
            "support": {
                "issues": "https://gitlab.com/api/v4/projects/29460480/issues"
            },
            "time": "2021-09-10T12:09:45+00:00"
        },
        {
            "name": "wpify/post-type",
            "version": "1.0.1",
            "source": {
                "type": "git",
                "url": "https://gitlab.com/wpify/post-type.git",
                "reference": "42b8a3d70075b7060a68598314eaf87f9b630602"
            },
            "dist": {
                "type": "zip",
                "url": "https://gitlab.com/api/v4/projects/wpify%2Fpost-type/repository/archive.zip?sha=42b8a3d70075b7060a68598314eaf87f9b630602",
                "reference": "42b8a3d70075b7060a68598314eaf87f9b630602",
                "shasum": ""
            },
            "type": "library",
            "autoload": {
                "psr-4": {
                    "Wpify\\PostType\\": "src/"
                }
            },
            "notification-url": "https://packagist.org/downloads/",
            "license": [
                "GPL-2.0-or-later"
            ],
            "authors": [
                {
                    "name": "WPify",
                    "email": "info@wpify.io"
                }
            ],
            "description": "WPify Post Type",
            "support": {
                "issues": "https://gitlab.com/api/v4/projects/29454510/issues"
            },
            "time": "2021-09-08T14:23:01+00:00"
        },
        {
            "name": "wpify/snippets",
            "version": "3.0.0",
            "source": {
                "type": "git",
                "url": "https://gitlab.com/wpify/snippets.git",
                "reference": "90743d3e967e48cf8b6e88d857b02b72e42ed9f4"
            },
            "dist": {
                "type": "zip",
                "url": "https://gitlab.com/api/v4/projects/wpify%2Fsnippets/repository/archive.zip?sha=90743d3e967e48cf8b6e88d857b02b72e42ed9f4",
                "reference": "90743d3e967e48cf8b6e88d857b02b72e42ed9f4",
                "shasum": ""
            },
            "type": "library",
            "autoload": {
                "psr-4": {
                    "Wpify\\Snippets\\": "src/"
                }
            },
            "notification-url": "https://packagist.org/downloads/",
            "license": [
                "GPL-2.0-or-later"
            ],
            "authors": [
                {
                    "name": "Daniel Mejta",
                    "email": "daniel@mejta.net"
                },
                {
                    "name": "Václav Greif",
                    "email": "info@vaclavgreif.cz"
                }
            ],
            "support": {
                "issues": "https://gitlab.com/api/v4/projects/18983824/issues"
            },
            "time": "2021-09-09T18:25:40+00:00"
        },
        {
            "name": "wpify/taxonomy",
            "version": "1.0.0",
            "source": {
                "type": "git",
                "url": "https://gitlab.com/wpify/taxonomy.git",
                "reference": "34dec15f7039db6ac988da2b8a530c339ad92090"
            },
            "dist": {
                "type": "zip",
                "url": "https://gitlab.com/api/v4/projects/wpify%2Ftaxonomy/repository/archive.zip?sha=34dec15f7039db6ac988da2b8a530c339ad92090",
                "reference": "34dec15f7039db6ac988da2b8a530c339ad92090",
                "shasum": ""
            },
            "type": "library",
            "autoload": {
                "psr-4": {
                    "Wpify\\Taxonomy\\": "src/"
                }
            },
            "notification-url": "https://packagist.org/downloads/",
            "license": [
                "GPL-2.0-or-later"
            ],
            "authors": [
                {
                    "name": "WPify",
                    "email": "info@wpify.io"
                }
            ],
            "description": "WPify Taxonomy",
            "support": {
                "issues": "https://gitlab.com/api/v4/projects/29455989/issues"
            },
            "time": "2021-09-08T12:44:19+00:00"
        },
        {
            "name": "wpify/template",
            "version": "1.0.0",
            "source": {
                "type": "git",
                "url": "https://gitlab.com/wpify/template.git",
                "reference": "c8485d79fbf9a6f02a3e340773daf2ad35676e1a"
            },
            "dist": {
                "type": "zip",
                "url": "https://gitlab.com/api/v4/projects/wpify%2Ftemplate/repository/archive.zip?sha=c8485d79fbf9a6f02a3e340773daf2ad35676e1a",
                "reference": "c8485d79fbf9a6f02a3e340773daf2ad35676e1a",
                "shasum": ""
            },
            "type": "library",
            "autoload": {
                "psr-4": {
                    "Wpify\\Template\\": "src/"
                }
            },
            "notification-url": "https://packagist.org/downloads/",
            "license": [
                "GPL-2.0-or-later"
            ],
            "authors": [
                {
                    "name": "WPify",
                    "email": "info@wpify.io"
                }
            ],
            "description": "WPify Template",
            "support": {
                "issues": "https://gitlab.com/api/v4/projects/29459026/issues"
            },
            "time": "2021-09-08T14:15:54+00:00"
        }
    ],
    "packages-dev": [],
    "aliases": [],
    "minimum-stability": "stable",
    "stability-flags": [],
    "prefer-stable": false,
    "prefer-lowest": false,
    "platform": {
        "php": ">=7.3.0||^8.0.0",
        "ext-json": "*"
    },
    "platform-dev": [],
    "plugin-api-version": "2.1.0"
}
